
Microsoft Visual Studio Solution File, Format Version 12.00
# Visual Studio Version 17
VisualStudioVersion = 17.14.36301.6 d17.14
MinimumVisualStudioVersion = 10.0.40219.1
Project("{FAE04EC0-301F-11D3-BF4B-00C04F79EFBC}") = "TicketingSystemFrontend", "TicketingSystemFrontend\TicketingSystemFrontend\TicketingSystemFrontend.csproj", "{870E3412-FD89-4AA3-8E34-38BBDEE16DE0}"
EndProject
Project("{FAE04EC0-301F-11D3-BF4B-00C04F79EFBC}") = "TicketingSystemFrontend.Client", "TicketingSystemFrontend\TicketingSystemFrontend.Client\TicketingSystemFrontend.Client.csproj", "{799F6450-C617-4ACE-8B6A-CF04C6270CBA}"
EndProject
Global
	GlobalSection(SolutionConfigurationPlatforms) = preSolution
		Debug|Any CPU = Debug|Any CPU
		Release|Any CPU = Release|Any CPU
	EndGlobalSection
	GlobalSection(ProjectConfigurationPlatforms) = postSolution
		{870E3412-FD89-4AA3-8E34-38BBDEE16DE0}.Debug|Any CPU.ActiveCfg = Debug|Any CPU
		{870E3412-FD89-4AA3-8E34-38BBDEE16DE0}.Debug|Any CPU.Build.0 = Debug|Any CPU
		{870E3412-FD89-4AA3-8E34-38BBDEE16DE0}.Release|Any CPU.ActiveCfg = Release|Any CPU
		{870E3412-FD89-4AA3-8E34-38BBDEE16DE0}.Release|Any CPU.Build.0 = Release|Any CPU
		{799F6450-C617-4ACE-8B6A-CF04C6270CBA}.Debug|Any CPU.ActiveCfg = Debug|Any CPU
		{799F6450-C617-4ACE-8B6A-CF04C6270CBA}.Debug|Any CPU.Build.0 = Debug|Any CPU
		{799F6450-C617-4ACE-8B6A-CF04C6270CBA}.Release|Any CPU.ActiveCfg = Release|Any CPU
		{799F6450-C617-4ACE-8B6A-CF04C6270CBA}.Release|Any CPU.Build.0 = Release|Any CPU
	EndGlobalSection
	GlobalSection(SolutionProperties) = preSolution
		HideSolutionNode = FALSE
	EndGlobalSection
	GlobalSection(ExtensibilityGlobals) = postSolution
		SolutionGuid = {ED9ABD05-049C-4129-9E40-08E3CC972747}
	EndGlobalSection
EndGlobal
