
Microsoft Visual Studio Solution File, Format Version 12.00
# Visual Studio Version 17
VisualStudioVersion = 17.14.36301.6 d17.14
MinimumVisualStudioVersion = 10.0.40219.1
Project("{FAE04EC0-301F-11D3-BF4B-00C04F79EFBC}") = "TicketingSystemBackend.Domain", "TicketingSystemBackend.Domain\TicketingSystemBackend.Domain.csproj", "{F8DA2A76-F95D-4163-ADC0-8EA6864ACFA7}"
EndProject
Project("{FAE04EC0-301F-11D3-BF4B-00C04F79EFBC}") = "TicketingSystemBackend.Application", "TicketingSystemBackend.Application\TicketingSystemBackend.Application.csproj", "{C3166D2C-75EB-497E-B758-0EAE6C8DB9E5}"
EndProject
Project("{FAE04EC0-301F-11D3-BF4B-00C04F79EFBC}") = "TicketingSystemBackend.Infrastructure", "TicketingSystemBackend.Infrastructure\TicketingSystemBackend.Infrastructure.csproj", "{B2E9E0CE-2058-451A-AA45-114D58387C74}"
EndProject
Project("{FAE04EC0-301F-11D3-BF4B-00C04F79EFBC}") = "TicketingSystemBackend.Api", "TicketingSystemBackend.Api\TicketingSystemBackend.Api.csproj", "{22DA6CCB-4843-4C1B-A694-F9EA750CE13F}"
EndProject
Global
	GlobalSection(SolutionConfigurationPlatforms) = preSolution
		Debug|Any CPU = Debug|Any CPU
		Release|Any CPU = Release|Any CPU
	EndGlobalSection
	GlobalSection(ProjectConfigurationPlatforms) = postSolution
		{F8DA2A76-F95D-4163-ADC0-8EA6864ACFA7}.Debug|Any CPU.ActiveCfg = Debug|Any CPU
		{F8DA2A76-F95D-4163-ADC0-8EA6864ACFA7}.Debug|Any CPU.Build.0 = Debug|Any CPU
		{F8DA2A76-F95D-4163-ADC0-8EA6864ACFA7}.Release|Any CPU.ActiveCfg = Release|Any CPU
		{F8DA2A76-F95D-4163-ADC0-8EA6864ACFA7}.Release|Any CPU.Build.0 = Release|Any CPU
		{C3166D2C-75EB-497E-B758-0EAE6C8DB9E5}.Debug|Any CPU.ActiveCfg = Debug|Any CPU
		{C3166D2C-75EB-497E-B758-0EAE6C8DB9E5}.Debug|Any CPU.Build.0 = Debug|Any CPU
		{C3166D2C-75EB-497E-B758-0EAE6C8DB9E5}.Release|Any CPU.ActiveCfg = Release|Any CPU
		{C3166D2C-75EB-497E-B758-0EAE6C8DB9E5}.Release|Any CPU.Build.0 = Release|Any CPU
		{B2E9E0CE-2058-451A-AA45-114D58387C74}.Debug|Any CPU.ActiveCfg = Debug|Any CPU
		{B2E9E0CE-2058-451A-AA45-114D58387C74}.Debug|Any CPU.Build.0 = Debug|Any CPU
		{B2E9E0CE-2058-451A-AA45-114D58387C74}.Release|Any CPU.ActiveCfg = Release|Any CPU
		{B2E9E0CE-2058-451A-AA45-114D58387C74}.Release|Any CPU.Build.0 = Release|Any CPU
		{22DA6CCB-4843-4C1B-A694-F9EA750CE13F}.Debug|Any CPU.ActiveCfg = Debug|Any CPU
		{22DA6CCB-4843-4C1B-A694-F9EA750CE13F}.Debug|Any CPU.Build.0 = Debug|Any CPU
		{22DA6CCB-4843-4C1B-A694-F9EA750CE13F}.Release|Any CPU.ActiveCfg = Release|Any CPU
		{22DA6CCB-4843-4C1B-A694-F9EA750CE13F}.Release|Any CPU.Build.0 = Release|Any CPU
	EndGlobalSection
	GlobalSection(SolutionProperties) = preSolution
		HideSolutionNode = FALSE
	EndGlobalSection
	GlobalSection(ExtensibilityGlobals) = postSolution
		SolutionGuid = {5E5881CD-6FE5-4817-9B95-4D1EE378FCB5}
	EndGlobalSection
EndGlobal
